// !$*UTF8*$!
{
	archiveVersion = 1;
	classes = {
	};
	objectVersion = 46;
	objects = {

/* Begin PBXBuildFile section */
		E10C64481D20D1390023E642 /* HWHomeTableViewController.m in Sources */ = {isa = PBXBuildFile; fileRef = E10C64471D20D1390023E642 /* HWHomeTableViewController.m */; };
		E10C644B1D20D14B0023E642 /* HWDiscoverTableViewController.m in Sources */ = {isa = PBXBuildFile; fileRef = E10C644A1D20D14B0023E642 /* HWDiscoverTableViewController.m */; };
		E10C644E1D20D1540023E642 /* HWMeTableViewController.m in Sources */ = {isa = PBXBuildFile; fileRef = E10C644D1D20D1540023E642 /* HWMeTableViewController.m */; };
		E10C64511D20D1680023E642 /* HWMessageTableViewController.m in Sources */ = {isa = PBXBuildFile; fileRef = E10C64501D20D1680023E642 /* HWMessageTableViewController.m */; };
		E11471531D0E58FA00107A3E /* main.m in Sources */ = {isa = PBXBuildFile; fileRef = E11471521D0E58FA00107A3E /* main.m */; };
		E11471561D0E58FA00107A3E /* AppDelegate.m in Sources */ = {isa = PBXBuildFile; fileRef = E11471551D0E58FA00107A3E /* AppDelegate.m */; };
		E114715E1D0E58FA00107A3E /* Assets.xcassets in Resources */ = {isa = PBXBuildFile; fileRef = E114715D1D0E58FA00107A3E /* Assets.xcassets */; };
		E11471611D0E58FA00107A3E /* LaunchScreen.storyboard in Resources */ = {isa = PBXBuildFile; fileRef = E114715F1D0E58FA00107A3E /* LaunchScreen.storyboard */; };
/* End PBXBuildFile section */

/* Begin PBXFileReference section */
		E10C64461D20D1390023E642 /* HWHomeTableViewController.h */ = {isa = PBXFileReference; fileEncoding = 4; lastKnownFileType = sourcecode.c.h; path = HWHomeTableViewController.h; sourceTree = "<group>"; };
		E10C64471D20D1390023E642 /* HWHomeTableViewController.m */ = {isa = PBXFileReference; fileEncoding = 4; lastKnownFileType = sourcecode.c.objc; path = HWHomeTableViewController.m; sourceTree = "<group>"; };
		E10C64491D20D14B0023E642 /* HWDiscoverTableViewController.h */ = {isa = PBXFileReference; fileEncoding = 4; lastKnownFileType = sourcecode.c.h; path = HWDiscoverTableViewController.h; sourceTree = "<group>"; };
		E10C644A1D20D14B0023E642 /* HWDiscoverTableViewController.m */ = {isa = PBXFileReference; fileEncoding = 4; lastKnownFileType = sourcecode.c.objc; path = HWDiscoverTableViewController.m; sourceTree = "<group>"; };
		E10C644C1D20D1540023E642 /* HWMeTableViewController.h */ = {isa = PBXFileReference; fileEncoding = 4; lastKnownFileType = sourcecode.c.h; path = HWMeTableViewController.h; sourceTree = "<group>"; };
		E10C644D1D20D1540023E642 /* HWMeTableViewController.m */ = {isa = PBXFileReference; fileEncoding = 4; lastKnownFileType = sourcecode.c.objc; path = HWMeTableViewController.m; sourceTree = "<group>"; };
		E10C644F1D20D1680023E642 /* HWMessageTableViewController.h */ = {isa = PBXFileReference; fileEncoding = 4; lastKnownFileType = sourcecode.c.h; path = HWMessageTableViewController.h; sourceTree = "<group>"; };
		E10C64501D20D1680023E642 /* HWMessageTableViewController.m */ = {isa = PBXFileReference; fileEncoding = 4; lastKnownFileType = sourcecode.c.objc; path = HWMessageTableViewController.m; sourceTree = "<group>"; };
		E114714E1D0E58FA00107A3E /* HWeibo.app */ = {isa = PBXFileReference; explicitFileType = wrapper.application; includeInIndex = 0; path = HWeibo.app; sourceTree = BUILT_PRODUCTS_DIR; };
		E11471521D0E58FA00107A3E /* main.m */ = {isa = PBXFileReference; lastKnownFileType = sourcecode.c.objc; path = main.m; sourceTree = "<group>"; };
		E11471541D0E58FA00107A3E /* AppDelegate.h */ = {isa = PBXFileReference; lastKnownFileType = sourcecode.c.h; path = AppDelegate.h; sourceTree = "<group>"; };
		E11471551D0E58FA00107A3E /* AppDelegate.m */ = {isa = PBXFileReference; lastKnownFileType = sourcecode.c.objc; path = AppDelegate.m; sourceTree = "<group>"; };
		E114715D1D0E58FA00107A3E /* Assets.xcassets */ = {isa = PBXFileReference; lastKnownFileType = folder.assetcatalog; path = Assets.xcassets; sourceTree = "<group>"; };
		E11471601D0E58FA00107A3E /* Base */ = {isa = PBXFileReference; lastKnownFileType = file.storyboard; name = Base; path = Base.lproj/LaunchScreen.storyboard; sourceTree = "<group>"; };
		E11471621D0E58FA00107A3E /* Info.plist */ = {isa = PBXFileReference; lastKnownFileType = text.plist.xml; path = Info.plist; sourceTree = "<group>"; };
		E11471681D0E635000107A3E /* HWeibo-Prefix.pch */ = {isa = PBXFileReference; lastKnownFileType = sourcecode.c.h; path = "HWeibo-Prefix.pch"; sourceTree = "<group>"; };
/* End PBXFileReference section */

/* Begin PBXFrameworksBuildPhase section */
		E114714B1D0E58FA00107A3E /* Frameworks */ = {
			isa = PBXFrameworksBuildPhase;
			buildActionMask = 2147483647;
			files = (
			);
			runOnlyForDeploymentPostprocessing = 0;
		};
/* End PBXFrameworksBuildPhase section */

/* Begin PBXGroup section */
		E10C64431D20D0FB0023E642 /* Controller */ = {
			isa = PBXGroup;
			children = (
				E10C64461D20D1390023E642 /* HWHomeTableViewController.h */,
				E10C64491D20D14B0023E642 /* HWDiscoverTableViewController.h */,
				E10C644A1D20D14B0023E642 /* HWDiscoverTableViewController.m */,
				E10C644C1D20D1540023E642 /* HWMeTableViewController.h */,
				E10C644D1D20D1540023E642 /* HWMeTableViewController.m */,
				E10C644F1D20D1680023E642 /* HWMessageTableViewController.h */,
				E10C64501D20D1680023E642 /* HWMessageTableViewController.m */,
				E10C64471D20D1390023E642 /* HWHomeTableViewController.m */,
			);
			name = Controller;
			sourceTree = "<group>";
		};
		E10C64441D20D10B0023E642 /* Other */ = {
			isa = PBXGroup;
			children = (
				E11471541D0E58FA00107A3E /* AppDelegate.h */,
				E11471551D0E58FA00107A3E /* AppDelegate.m */,
			);
			name = Other;
			sourceTree = "<group>";
		};
		E10C64451D20D1140023E642 /* Classes */ = {
			isa = PBXGroup;
			children = (
				E10C64431D20D0FB0023E642 /* Controller */,
				E10C64441D20D10B0023E642 /* Other */,
			);
			name = Classes;
			sourceTree = "<group>";
		};
		E11471451D0E58FA00107A3E = {
			isa = PBXGroup;
			children = (
				E11471501D0E58FA00107A3E /* HWeibo */,
				E114714F1D0E58FA00107A3E /* Products */,
			);
			sourceTree = "<group>";
		};
		E114714F1D0E58FA00107A3E /* Products */ = {
			isa = PBXGroup;
			children = (
				E114714E1D0E58FA00107A3E /* HWeibo.app */,
			);
			name = Products;
			sourceTree = "<group>";
		};
		E11471501D0E58FA00107A3E /* HWeibo */ = {
			isa = PBXGroup;
			children = (
				E10C64451D20D1140023E642 /* Classes */,
				E11471511D0E58FA00107A3E /* Supporting Files */,
			);
			path = HWeibo;
			sourceTree = "<group>";
		};
		E11471511D0E58FA00107A3E /* Supporting Files */ = {
			isa = PBXGroup;
			children = (
				E114715D1D0E58FA00107A3E /* Assets.xcassets */,
				E114715F1D0E58FA00107A3E /* LaunchScreen.storyboard */,
				E11471621D0E58FA00107A3E /* Info.plist */,
				E11471681D0E635000107A3E /* HWeibo-Prefix.pch */,
				E11471521D0E58FA00107A3E /* main.m */,
			);
			name = "Supporting Files";
			sourceTree = "<group>";
		};
/* End PBXGroup section */

/* Begin PBXNativeTarget section */
		E114714D1D0E58FA00107A3E /* HWeibo */ = {
			isa = PBXNativeTarget;
			buildConfigurationList = E11471651D0E58FA00107A3E /* Build configuration list for PBXNativeTarget "HWeibo" */;
			buildPhases = (
				E114714A1D0E58FA00107A3E /* Sources */,
				E114714B1D0E58FA00107A3E /* Frameworks */,
				E114714C1D0E58FA00107A3E /* Resources */,
			);
			buildRules = (
			);
			dependencies = (
			);
			name = HWeibo;
			productName = HWeibo;
			productReference = E114714E1D0E58FA00107A3E /* HWeibo.app */;
			productType = "com.apple.product-type.application";
		};
/* End PBXNativeTarget section */

/* Begin PBXProject section */
		E11471461D0E58FA00107A3E /* Project object */ = {
			isa = PBXProject;
			attributes = {
				LastUpgradeCheck = 0720;
				ORGANIZATIONNAME = hisun;
				TargetAttributes = {
					E114714D1D0E58FA00107A3E = {
						CreatedOnToolsVersion = 7.2.1;
					};
				};
			};
			buildConfigurationList = E11471491D0E58FA00107A3E /* Build configuration list for PBXProject "HWeibo" */;
			compatibilityVersion = "Xcode 3.2";
			developmentRegion = English;
			hasScannedForEncodings = 0;
			knownRegions = (
				en,
				Base,
			);
			mainGroup = E11471451D0E58FA00107A3E;
			productRefGroup = E114714F1D0E58FA00107A3E /* Products */;
			projectDirPath = "";
			projectRoot = "";
			targets = (
				E114714D1D0E58FA00107A3E /* HWeibo */,
			);
		};
/* End PBXProject section */

/* Begin PBXResourcesBuildPhase section */
		E114714C1D0E58FA00107A3E /* Resources */ = {
			isa = PBXResourcesBuildPhase;
			buildActionMask = 2147483647;
			files = (
				E11471611D0E58FA00107A3E /* LaunchScreen.storyboard in Resources */,
				E114715E1D0E58FA00107A3E /* Assets.xcassets in Resources */,
			);
			runOnlyForDeploymentPostprocessing = 0;
		};
/* End PBXResourcesBuildPhase section */

/* Begin PBXSourcesBuildPhase section */
		E114714A1D0E58FA00107A3E /* Sources */ = {
			isa = PBXSourcesBuildPhase;
			buildActionMask = 2147483647;
			files = (
				E11471561D0E58FA00107A3E /* AppDelegate.m in Sources */,
				E11471531D0E58FA00107A3E /* main.m in Sources */,
				E10C64511D20D1680023E642 /* HWMessageTableViewController.m in Sources */,
				E10C644E1D20D1540023E642 /* HWMeTableViewController.m in Sources */,
				E10C64481D20D1390023E642 /* HWHomeTableViewController.m in Sources */,
				E10C644B1D20D14B0023E642 /* HWDiscoverTableViewController.m in Sources */,
			);
			runOnlyForDeploymentPostprocessing = 0;
		};
/* End PBXSourcesBuildPhase section */

/* Begin PBXVariantGroup section */
		E114715F1D0E58FA00107A3E /* LaunchScreen.storyboard */ = {
			isa = PBXVariantGroup;
			children = (
				E11471601D0E58FA00107A3E /* Base */,
			);
			name = LaunchScreen.storyboard;
			sourceTree = "<group>";
		};
/* End PBXVariantGroup section */

/* Begin XCBuildConfiguration section */
		E11471631D0E58FA00107A3E /* Debug */ = {
			isa = XCBuildConfiguration;
			buildSettings = {
				ALWAYS_SEARCH_USER_PATHS = NO;
				CLANG_CXX_LANGUAGE_STANDARD = "gnu++0x";
				CLANG_CXX_LIBRARY = "libc++";
				CLANG_ENABLE_MODULES = YES;
				CLANG_ENABLE_OBJC_ARC = YES;
				CLANG_WARN_BOOL_CONVERSION = YES;
				CLANG_WARN_CONSTANT_CONVERSION = YES;
				CLANG_WARN_DIRECT_OBJC_ISA_USAGE = YES_ERROR;
				CLANG_WARN_EMPTY_BODY = YES;
				CLANG_WARN_ENUM_CONVERSION = YES;
				CLANG_WARN_INT_CONVERSION = YES;
				CLANG_WARN_OBJC_ROOT_CLASS = YES_ERROR;
				CLANG_WARN_UNREACHABLE_CODE = YES;
				CLANG_WARN__DUPLICATE_METHOD_MATCH = YES;
				"CODE_SIGN_IDENTITY[sdk=iphoneos*]" = "iPhone Developer";
				COPY_PHASE_STRIP = NO;
				DEBUG_INFORMATION_FORMAT = dwarf;
				ENABLE_STRICT_OBJC_MSGSEND = YES;
				ENABLE_TESTABILITY = YES;
				GCC_C_LANGUAGE_STANDARD = gnu99;
				GCC_DYNAMIC_NO_PIC = NO;
				GCC_NO_COMMON_BLOCKS = YES;
				GCC_OPTIMIZATION_LEVEL = 0;
				GCC_PREPROCESSOR_DEFINITIONS = (
					"DEBUG=1",
					"$(inherited)",
				);
				GCC_WARN_64_TO_32_BIT_CONVERSION = YES;
				GCC_WARN_ABOUT_RETURN_TYPE = YES_ERROR;
				GCC_WARN_UNDECLARED_SELECTOR = YES;
				GCC_WARN_UNINITIALIZED_AUTOS = YES_AGGRESSIVE;
				GCC_WARN_UNUSED_FUNCTION = YES;
				GCC_WARN_UNUSED_VARIABLE = YES;
				IPHONEOS_DEPLOYMENT_TARGET = 9.2;
				MTL_ENABLE_DEBUG_INFO = YES;
				ONLY_ACTIVE_ARCH = YES;
				SDKROOT = iphoneos;
			};
			name = Debug;
		};
		E11471641D0E58FA00107A3E /* Release */ = {
			isa = XCBuildConfiguration;
			buildSettings = {
				ALWAYS_SEARCH_USER_PATHS = NO;
				CLANG_CXX_LANGUAGE_STANDARD = "gnu++0x";
				CLANG_CXX_LIBRARY = "libc++";
				CLANG_ENABLE_MODULES = YES;
				CLANG_ENABLE_OBJC_ARC = YES;
				CLANG_WARN_BOOL_CONVERSION = YES;
				CLANG_WARN_CONSTANT_CONVERSION = YES;
				CLANG_WARN_DIRECT_OBJC_ISA_USAGE = YES_ERROR;
				CLANG_WARN_EMPTY_BODY = YES;
				CLANG_WARN_ENUM_CONVERSION = YES;
				CLANG_WARN_INT_CONVERSION = YES;
				CLANG_WARN_OBJC_ROOT_CLASS = YES_ERROR;
				CLANG_WARN_UNREACHABLE_CODE = YES;
				CLANG_WARN__DUPLICATE_METHOD_MATCH = YES;
				"CODE_SIGN_IDENTITY[sdk=iphoneos*]" = "iPhone Developer";
				COPY_PHASE_STRIP = NO;
				DEBUG_INFORMATION_FORMAT = "dwarf-with-dsym";
				ENABLE_NS_ASSERTIONS = NO;
				ENABLE_STRICT_OBJC_MSGSEND = YES;
				GCC_C_LANGUAGE_STANDARD = gnu99;
				GCC_NO_COMMON_BLOCKS = YES;
				GCC_WARN_64_TO_32_BIT_CONVERSION = YES;
				GCC_WARN_ABOUT_RETURN_TYPE = YES_ERROR;
				GCC_WARN_UNDECLARED_SELECTOR = YES;
				GCC_WARN_UNINITIALIZED_AUTOS = YES_AGGRESSIVE;
				GCC_WARN_UNUSED_FUNCTION = YES;
				GCC_WARN_UNUSED_VARIABLE = YES;
				IPHONEOS_DEPLOYMENT_TARGET = 9.2;
				MTL_ENABLE_DEBUG_INFO = NO;
				SDKROOT = iphoneos;
				VALIDATE_PRODUCT = YES;
			};
			name = Release;
		};
		E11471661D0E58FA00107A3E /* Debug */ = {
			isa = XCBuildConfiguration;
			buildSettings = {
				ASSETCATALOG_COMPILER_APPICON_NAME = AppIcon;
				GCC_PRECOMPILE_PREFIX_HEADER = YES;
				GCC_PREFIX_HEADER = "HWeibo/HWeibo-Prefix.pch";
				INFOPLIST_FILE = HWeibo/Info.plist;
				IPHONEOS_DEPLOYMENT_TARGET = 7.1;
				LD_RUNPATH_SEARCH_PATHS = "$(inherited) @executable_path/Frameworks";
				PRODUCT_BUNDLE_IDENTIFIER = com.hisunpay.www.HWeibo;
				PRODUCT_NAME = "$(TARGET_NAME)";
			};
			name = Debug;
		};
		E11471671D0E58FA00107A3E /* Release */ = {
			isa = XCBuildConfiguration;
			buildSettings = {
				ASSETCATALOG_COMPILER_APPICON_NAME = AppIcon;
				GCC_PRECOMPILE_PREFIX_HEADER = YES;
				GCC_PREFIX_HEADER = "HWeibo/HWeibo-Prefix.pch";
				INFOPLIST_FILE = HWeibo/Info.plist;
				IPHONEOS_DEPLOYMENT_TARGET = 7.1;
				LD_RUNPATH_SEARCH_PATHS = "$(inherited) @executable_path/Frameworks";
				PRODUCT_BUNDLE_IDENTIFIER = com.hisunpay.www.HWeibo;
				PRODUCT_NAME = "$(TARGET_NAME)";
			};
			name = Release;
		};
/* End XCBuildConfiguration section */

/* Begin XCConfigurationList section */
		E11471491D0E58FA00107A3E /* Build configuration list for PBXProject "HWeibo" */ = {
			isa = XCConfigurationList;
			buildConfigurations = (
				E11471631D0E58FA00107A3E /* Debug */,
				E11471641D0E58FA00107A3E /* Release */,
			);
			defaultConfigurationIsVisible = 0;
			defaultConfigurationName = Release;
		};
		E11471651D0E58FA00107A3E /* Build configuration list for PBXNativeTarget "HWeibo" */ = {
			isa = XCConfigurationList;
			buildConfigurations = (
				E11471661D0E58FA00107A3E /* Debug */,
				E11471671D0E58FA00107A3E /* Release */,
			);
			defaultConfigurationIsVisible = 0;
			defaultConfigurationName = Release;
		};
/* End XCConfigurationList section */
	};
	rootObject = E11471461D0E58FA00107A3E /* Project object */;
}
